{
  "version": 4,
  "terraform_version": "1.7.1",
  "serial": 3,
  "lineage": "cbf49a0d-306d-45e6-83b3-7008e14e5d77",
  "outputs": {},
  "resources": [
    {
      "module": "module.vpc",
      "mode": "managed",
      "type": "google_compute_network",
      "name": "vpc_network",
      "provider": "provider[\"registry.terraform.io/hashicorp/google\"]",
      "instances": [
        {
          "schema_version": 0,
          "attributes": {
            "auto_create_subnetworks": false,
            "delete_default_routes_on_create": false,
            "description": "global vpc network for test",
            "enable_ula_internal_ipv6": false,
            "gateway_ipv4": "",
            "id": "projects/sunny-sunbeam-435423-i2/global/networks/vpc-test-vpc",
            "internal_ipv6_range": "2001:db8::/64",
            "mtu": 1460,
            "name": "vpc-test-vpc",
            "network_firewall_policy_enforcement_order": "BEFORE_CLASSIC_FIREWALL",
            "numeric_id": "8988335091478096250",
            "project": "sunny-sunbeam-435423-i2",
            "routing_mode": "GLOBAL",
            "self_link": "https://www.googleapis.com/compute/v1/projects/sunny-sunbeam-435423-i2/global/networks/vpc-test-vpc",
            "timeouts": null
          },
          "sensitive_attributes": [],
          "private": "eyJlMmJmYjczMC1lY2FhLTExZTYtOGY4OC0zNDM2M2JjN2M0YzAiOnsiY3JlYXRlIjoxMjAwMDAwMDAwMDAwLCJkZWxldGUiOjEyMDAwMDAwMDAwMDAsInVwZGF0ZSI6MTIwMDAwMDAwMDAwMH19"
        }
      ]
    }
  ],
  "check_results": null
}
